{
  "originHash" : "725eae40c08fa42de9cefc383dd986cbec3f7a6bd4e15f941ef5773c035c0f49",
  "pins" : [
    {
      "identity" : "a2a-client-swift",
      "kind" : "remoteSourceControl",
      "location" : "https://github.com/tolgaki/a2a-client-swift",
      "state" : {
        "revision" : "bf37115edb9ed36b0cca07a03e1f88df0eacd038",
        "version" : "1.0.14"
      }
    },
    {
      "identity" : "microsoft-authentication-library-for-objc",
      "kind" : "remoteSourceControl",
      "location" : "https://github.com/AzureAD/microsoft-authentication-library-for-objc",
      "state" : {
        "revision" : "be848ee7fa9516cec47ae6de47cf1087d51bc774",
        "version" : "1.9.0"
      }
    }
  ],
  "version" : 3
}
